
Microsoft Visual Studio Solution File, Format Version 12.00
# Visual Studio Version 17
VisualStudioVersion = 17.2.32516.85
MinimumVisualStudioVersion = 10.0.40219.1
Project("{FAE04EC0-301F-11D3-BF4B-00C04F79EFBC}") = "Moodler", "Moodler.csproj", "{CE960178-959D-4DAA-A777-EAB5598D6473}"
EndProject
Global
	GlobalSection(SolutionConfigurationPlatforms) = preSolution
		Debug|Any CPU = Debug|Any CPU
		Release|Any CPU = Release|Any CPU
	EndGlobalSection
	GlobalSection(ProjectConfigurationPlatforms) = postSolution
		{CE960178-959D-4DAA-A777-EAB5598D6473}.Debug|Any CPU.ActiveCfg = Debug|Any CPU
		{CE960178-959D-4DAA-A777-EAB5598D6473}.Debug|Any CPU.Build.0 = Debug|Any CPU
		{CE960178-959D-4DAA-A777-EAB5598D6473}.Release|Any CPU.ActiveCfg = Release|Any CPU
		{CE960178-959D-4DAA-A777-EAB5598D6473}.Release|Any CPU.Build.0 = Release|Any CPU
	EndGlobalSection
	GlobalSection(SolutionProperties) = preSolution
		HideSolutionNode = FALSE
	EndGlobalSection
	GlobalSection(ExtensibilityGlobals) = postSolution
		SolutionGuid = {8B3029F1-38C9-4288-82AD-00E81E2DBC7B}
	EndGlobalSection
EndGlobal
